
Microsoft Visual Studio Solution File, Format Version 12.00
# Visual Studio Version 17
VisualStudioVersion = 17.12.35707.178
MinimumVisualStudioVersion = 10.0.40219.1
Project("{FAE04EC0-301F-11D3-BF4B-00C04F79EFBC}") = "BookShop", "BookShop\BookShop.csproj", "{AFBA072B-B539-4973-9805-5AD2A1A0D9FE}"
EndProject
Project("{2150E333-8FDC-42A3-9474-1A3956D46DE8}") = "Solution Items", "Solution Items", "{A0E74680-751C-45B7-8662-AB991340F946}"
	ProjectSection(SolutionItems) = preProject
		.editorconfig = .editorconfig
		.gitignore = .gitignore
	EndProjectSection
EndProject
Project("{FAE04EC0-301F-11D3-BF4B-00C04F79EFBC}") = "BookShopDataAccess", "BookShopDataAccess\BookShopDataAccess.csproj", "{2B587DEB-914E-4F4B-8021-0A0BC403713F}"
EndProject
Project("{FAE04EC0-301F-11D3-BF4B-00C04F79EFBC}") = "bookShopModel", "bookShopModel\bookShopModel.csproj", "{38372E02-BB77-470D-8AB7-EE44AD5CA91D}"
EndProject
Global
	GlobalSection(SolutionConfigurationPlatforms) = preSolution
		Debug|Any CPU = Debug|Any CPU
		Release|Any CPU = Release|Any CPU
	EndGlobalSection
	GlobalSection(ProjectConfigurationPlatforms) = postSolution
		{AFBA072B-B539-4973-9805-5AD2A1A0D9FE}.Debug|Any CPU.ActiveCfg = Debug|Any CPU
		{AFBA072B-B539-4973-9805-5AD2A1A0D9FE}.Debug|Any CPU.Build.0 = Debug|Any CPU
		{AFBA072B-B539-4973-9805-5AD2A1A0D9FE}.Release|Any CPU.ActiveCfg = Release|Any CPU
		{AFBA072B-B539-4973-9805-5AD2A1A0D9FE}.Release|Any CPU.Build.0 = Release|Any CPU
		{2B587DEB-914E-4F4B-8021-0A0BC403713F}.Debug|Any CPU.ActiveCfg = Debug|Any CPU
		{2B587DEB-914E-4F4B-8021-0A0BC403713F}.Debug|Any CPU.Build.0 = Debug|Any CPU
		{2B587DEB-914E-4F4B-8021-0A0BC403713F}.Release|Any CPU.ActiveCfg = Release|Any CPU
		{2B587DEB-914E-4F4B-8021-0A0BC403713F}.Release|Any CPU.Build.0 = Release|Any CPU
		{38372E02-BB77-470D-8AB7-EE44AD5CA91D}.Debug|Any CPU.ActiveCfg = Debug|Any CPU
		{38372E02-BB77-470D-8AB7-EE44AD5CA91D}.Debug|Any CPU.Build.0 = Debug|Any CPU
		{38372E02-BB77-470D-8AB7-EE44AD5CA91D}.Release|Any CPU.ActiveCfg = Release|Any CPU
		{38372E02-BB77-470D-8AB7-EE44AD5CA91D}.Release|Any CPU.Build.0 = Release|Any CPU
	EndGlobalSection
	GlobalSection(SolutionProperties) = preSolution
		HideSolutionNode = FALSE
	EndGlobalSection
EndGlobal
